
Microsoft Visual Studio Solution File, Format Version 11.00
# Visual Studio Version 17

Project("{8BC9CEB8-8B4A-11D0-8D11-00A0C91BC942}") = "OneSound - Standalone Plugin", "OneSound_StandalonePlugin.vcxproj", "{ED0FCDFA-C36B-7D14-D1D4-6D47F4C971FC}"
	ProjectSection(ProjectDependencies) = postProject
		{09DF9F73-BF70-F781-E0BA-C775EE3A5D4E} = {09DF9F73-BF70-F781-E0BA-C775EE3A5D4E}
	EndProjectSection
EndProject
Project("{8BC9CEB8-8B4A-11D0-8D11-00A0C91BC942}") = "OneSound - VST3", "OneSound_VST3.vcxproj", "{D67626DF-91B3-B258-9AC1-931A163BEB14}"
	ProjectSection(ProjectDependencies) = postProject
		{09DF9F73-BF70-F781-E0BA-C775EE3A5D4E} = {09DF9F73-BF70-F781-E0BA-C775EE3A5D4E}
		{884C7BB6-455C-78EB-103E-E1734748E091} = {884C7BB6-455C-78EB-103E-E1734748E091}
	EndProjectSection
EndProject
Project("{8BC9CEB8-8B4A-11D0-8D11-00A0C91BC942}") = "OneSound - Shared Code", "OneSound_SharedCode.vcxproj", "{09DF9F73-BF70-F781-E0BA-C775EE3A5D4E}"
EndProject
Project("{8BC9CEB8-8B4A-11D0-8D11-00A0C91BC942}") = "OneSound - VST3 Manifest Helper", "OneSound_VST3ManifestHelper.vcxproj", "{884C7BB6-455C-78EB-103E-E1734748E091}"
EndProject
Global
	GlobalSection(SolutionConfigurationPlatforms) = preSolution
		Debug|x64 = Debug|x64
		Release|x64 = Release|x64
	EndGlobalSection
	GlobalSection(ProjectConfigurationPlatforms) = postSolution
		{D67626DF-91B3-B258-9AC1-931A163BEB14}.Debug|x64.ActiveCfg = Debug|x64
		{D67626DF-91B3-B258-9AC1-931A163BEB14}.Debug|x64.Build.0 = Debug|x64
		{D67626DF-91B3-B258-9AC1-931A163BEB14}.Release|x64.ActiveCfg = Release|x64
		{D67626DF-91B3-B258-9AC1-931A163BEB14}.Release|x64.Build.0 = Release|x64
		{ED0FCDFA-C36B-7D14-D1D4-6D47F4C971FC}.Debug|x64.ActiveCfg = Debug|x64
		{ED0FCDFA-C36B-7D14-D1D4-6D47F4C971FC}.Debug|x64.Build.0 = Debug|x64
		{ED0FCDFA-C36B-7D14-D1D4-6D47F4C971FC}.Release|x64.ActiveCfg = Release|x64
		{ED0FCDFA-C36B-7D14-D1D4-6D47F4C971FC}.Release|x64.Build.0 = Release|x64
		{09DF9F73-BF70-F781-E0BA-C775EE3A5D4E}.Debug|x64.ActiveCfg = Debug|x64
		{09DF9F73-BF70-F781-E0BA-C775EE3A5D4E}.Debug|x64.Build.0 = Debug|x64
		{09DF9F73-BF70-F781-E0BA-C775EE3A5D4E}.Release|x64.ActiveCfg = Release|x64
		{09DF9F73-BF70-F781-E0BA-C775EE3A5D4E}.Release|x64.Build.0 = Release|x64
		{884C7BB6-455C-78EB-103E-E1734748E091}.Debug|x64.ActiveCfg = Debug|x64
		{884C7BB6-455C-78EB-103E-E1734748E091}.Debug|x64.Build.0 = Debug|x64
		{884C7BB6-455C-78EB-103E-E1734748E091}.Release|x64.ActiveCfg = Release|x64
		{884C7BB6-455C-78EB-103E-E1734748E091}.Release|x64.Build.0 = Release|x64
	EndGlobalSection
	GlobalSection(SolutionProperties) = preSolution
		HideSolutionNode = FALSE
	EndGlobalSection
EndGlobal
